
Microsoft Visual Studio Solution File, Format Version 12.00
# Visual Studio 15
VisualStudioVersion = 15.0.28010.2041
MinimumVisualStudioVersion = 10.0.40219.1
Project("{FAE04EC0-301F-11D3-BF4B-00C04F79EFBC}") = "BookService.API", "BookService.API\BookService.API.csproj", "{9CBAD9A3-73B7-40CD-9CC3-B8B1A791283D}"
EndProject
Global
	GlobalSection(SolutionConfigurationPlatforms) = preSolution
		Debug|Any CPU = Debug|Any CPU
		Release|Any CPU = Release|Any CPU
	EndGlobalSection
	GlobalSection(ProjectConfigurationPlatforms) = postSolution
		{9CBAD9A3-73B7-40CD-9CC3-B8B1A791283D}.Debug|Any CPU.ActiveCfg = Debug|Any CPU
		{9CBAD9A3-73B7-40CD-9CC3-B8B1A791283D}.Debug|Any CPU.Build.0 = Debug|Any CPU
		{9CBAD9A3-73B7-40CD-9CC3-B8B1A791283D}.Release|Any CPU.ActiveCfg = Release|Any CPU
		{9CBAD9A3-73B7-40CD-9CC3-B8B1A791283D}.Release|Any CPU.Build.0 = Release|Any CPU
	EndGlobalSection
	GlobalSection(SolutionProperties) = preSolution
		HideSolutionNode = FALSE
	EndGlobalSection
	GlobalSection(ExtensibilityGlobals) = postSolution
		SolutionGuid = {B77A68D5-F728-441A-A626-24FE29BF6D87}
	EndGlobalSection
EndGlobal
